
Microsoft Visual Studio Solution File, Format Version 12.00
# Visual Studio 14
VisualStudioVersion = 14.0.25420.1
MinimumVisualStudioVersion = 10.0.40219.1
Project("{FAE04EC0-301F-11D3-BF4B-00C04F79EFBC}") = "HelloService", "HelloService\HelloService.csproj", "{944E6C9A-82C3-4C20-B1BD-A2D74F481F3E}"
EndProject
Project("{FAE04EC0-301F-11D3-BF4B-00C04F79EFBC}") = "HelloServiceHost", "HelloServiceHost\HelloServiceHost.csproj", "{3005E413-6EE4-446C-AB8C-850FCEB99606}"
EndProject
Global
	GlobalSection(SolutionConfigurationPlatforms) = preSolution
		Debug|Any CPU = Debug|Any CPU
		Release|Any CPU = Release|Any CPU
	EndGlobalSection
	GlobalSection(ProjectConfigurationPlatforms) = postSolution
		{944E6C9A-82C3-4C20-B1BD-A2D74F481F3E}.Debug|Any CPU.ActiveCfg = Debug|Any CPU
		{944E6C9A-82C3-4C20-B1BD-A2D74F481F3E}.Debug|Any CPU.Build.0 = Debug|Any CPU
		{944E6C9A-82C3-4C20-B1BD-A2D74F481F3E}.Release|Any CPU.ActiveCfg = Release|Any CPU
		{944E6C9A-82C3-4C20-B1BD-A2D74F481F3E}.Release|Any CPU.Build.0 = Release|Any CPU
		{3005E413-6EE4-446C-AB8C-850FCEB99606}.Debug|Any CPU.ActiveCfg = Debug|Any CPU
		{3005E413-6EE4-446C-AB8C-850FCEB99606}.Debug|Any CPU.Build.0 = Debug|Any CPU
		{3005E413-6EE4-446C-AB8C-850FCEB99606}.Release|Any CPU.ActiveCfg = Release|Any CPU
		{3005E413-6EE4-446C-AB8C-850FCEB99606}.Release|Any CPU.Build.0 = Release|Any CPU
	EndGlobalSection
	GlobalSection(SolutionProperties) = preSolution
		HideSolutionNode = FALSE
	EndGlobalSection
EndGlobal
